// !$*UTF8*$!
{
	archiveVersion = 1;
	classes = {
	};
	objectVersion = 46;
	objects = {

/* Begin PBXBuildFile section */
		FA1869771A0C605F00D4950F /* ScoreBoardVC.m in Sources */ = {isa = PBXBuildFile; fileRef = FA1869761A0C605F00D4950F /* ScoreBoardVC.m */; };
		FA18697A1A0C650E00D4950F /* SettingsVC.m in Sources */ = {isa = PBXBuildFile; fileRef = FA1869791A0C650E00D4950F /* SettingsVC.m */; };
		FA2539F519F673A30016F4FD /* GameScene.m in Sources */ = {isa = PBXBuildFile; fileRef = FA2539F419F673A30016F4FD /* GameScene.m */; };
		FA28EBD719F604D000026354 /* emptycell.png in Resources */ = {isa = PBXBuildFile; fileRef = FA28EBD619F604D000026354 /* emptycell.png */; };
		FA28EBD919F604D600026354 /* shroomcell.png in Resources */ = {isa = PBXBuildFile; fileRef = FA28EBD819F604D600026354 /* shroomcell.png */; };
		FA28EBDB19F604DF00026354 /* snakecell.png in Resources */ = {isa = PBXBuildFile; fileRef = FA28EBDA19F604DF00026354 /* snakecell.png */; };
		FA28EBDD19F604E300026354 /* wormface.png in Resources */ = {isa = PBXBuildFile; fileRef = FA28EBDC19F604E300026354 /* wormface.png */; };
		FA28EBDF19F604E700026354 /* wormholecell.png in Resources */ = {isa = PBXBuildFile; fileRef = FA28EBDE19F604E700026354 /* wormholecell.png */; };
		FA290F0819F5F586000C7420 /* main.m in Sources */ = {isa = PBXBuildFile; fileRef = FA290F0719F5F586000C7420 /* main.m */; };
		FA290F0B19F5F586000C7420 /* AppDelegate.m in Sources */ = {isa = PBXBuildFile; fileRef = FA290F0A19F5F586000C7420 /* AppDelegate.m */; };
		FA290F0E19F5F586000C7420 /* WigglyWormhole.xcdatamodeld in Sources */ = {isa = PBXBuildFile; fileRef = FA290F0C19F5F586000C7420 /* WigglyWormhole.xcdatamodeld */; };
		FA290F1119F5F586000C7420 /* GameVC.m in Sources */ = {isa = PBXBuildFile; fileRef = FA290F1019F5F586000C7420 /* GameVC.m */; };
		FA290F1419F5F586000C7420 /* Main.storyboard in Resources */ = {isa = PBXBuildFile; fileRef = FA290F1219F5F586000C7420 /* Main.storyboard */; };
		FA290F1619F5F586000C7420 /* Images.xcassets in Resources */ = {isa = PBXBuildFile; fileRef = FA290F1519F5F586000C7420 /* Images.xcassets */; };
		FA290F1919F5F586000C7420 /* LaunchScreen.xib in Resources */ = {isa = PBXBuildFile; fileRef = FA290F1719F5F586000C7420 /* LaunchScreen.xib */; };
		FA290F2519F5F586000C7420 /* WigglyWormholeTests.m in Sources */ = {isa = PBXBuildFile; fileRef = FA290F2419F5F586000C7420 /* WigglyWormholeTests.m */; };
		FA290F3319F5F607000C7420 /* Game.m in Sources */ = {isa = PBXBuildFile; fileRef = FA290F3219F5F607000C7420 /* Game.m */; };
		FA64B6981A0CC1220011AC86 /* MenuVC.m in Sources */ = {isa = PBXBuildFile; fileRef = FA64B6971A0CC1220011AC86 /* MenuVC.m */; };
		FA64B69B1A0CC6830011AC86 /* AppDataModel.m in Sources */ = {isa = PBXBuildFile; fileRef = FA64B69A1A0CC6830011AC86 /* AppDataModel.m */; };
/* End PBXBuildFile section */

/* Begin PBXContainerItemProxy section */
		FA290F1F19F5F586000C7420 /* PBXContainerItemProxy */ = {
			isa = PBXContainerItemProxy;
			containerPortal = FA290EFA19F5F586000C7420 /* Project object */;
			proxyType = 1;
			remoteGlobalIDString = FA290F0119F5F586000C7420;
			remoteInfo = WigglyWormhole;
		};
/* End PBXContainerItemProxy section */

/* Begin PBXFileReference section */
		FA1869751A0C605F00D4950F /* ScoreBoardVC.h */ = {isa = PBXFileReference; fileEncoding = 4; lastKnownFileType = sourcecode.c.h; path = ScoreBoardVC.h; sourceTree = "<group>"; };
		FA1869761A0C605F00D4950F /* ScoreBoardVC.m */ = {isa = PBXFileReference; fileEncoding = 4; lastKnownFileType = sourcecode.c.objc; path = ScoreBoardVC.m; sourceTree = "<group>"; };
		FA1869781A0C650E00D4950F /* SettingsVC.h */ = {isa = PBXFileReference; fileEncoding = 4; lastKnownFileType = sourcecode.c.h; path = SettingsVC.h; sourceTree = "<group>"; };
		FA1869791A0C650E00D4950F /* SettingsVC.m */ = {isa = PBXFileReference; fileEncoding = 4; lastKnownFileType = sourcecode.c.objc; path = SettingsVC.m; sourceTree = "<group>"; };
		FA2539F319F673A30016F4FD /* GameScene.h */ = {isa = PBXFileReference; fileEncoding = 4; lastKnownFileType = sourcecode.c.h; path = GameScene.h; sourceTree = "<group>"; };
		FA2539F419F673A30016F4FD /* GameScene.m */ = {isa = PBXFileReference; fileEncoding = 4; lastKnownFileType = sourcecode.c.objc; path = GameScene.m; sourceTree = "<group>"; };
		FA28EBD519F602A600026354 /* Macro.h */ = {isa = PBXFileReference; lastKnownFileType = sourcecode.c.h; path = Macro.h; sourceTree = "<group>"; };
		FA28EBD619F604D000026354 /* emptycell.png */ = {isa = PBXFileReference; lastKnownFileType = image.png; path = emptycell.png; sourceTree = "<group>"; };
		FA28EBD819F604D600026354 /* shroomcell.png */ = {isa = PBXFileReference; lastKnownFileType = image.png; path = shroomcell.png; sourceTree = "<group>"; };
		FA28EBDA19F604DF00026354 /* snakecell.png */ = {isa = PBXFileReference; lastKnownFileType = image.png; path = snakecell.png; sourceTree = "<group>"; };
		FA28EBDC19F604E300026354 /* wormface.png */ = {isa = PBXFileReference; lastKnownFileType = image.png; path = wormface.png; sourceTree = "<group>"; };
		FA28EBDE19F604E700026354 /* wormholecell.png */ = {isa = PBXFileReference; lastKnownFileType = image.png; path = wormholecell.png; sourceTree = "<group>"; };
		FA290F0219F5F586000C7420 /* WigglyWormhole.app */ = {isa = PBXFileReference; explicitFileType = wrapper.application; includeInIndex = 0; path = WigglyWormhole.app; sourceTree = BUILT_PRODUCTS_DIR; };
		FA290F0619F5F586000C7420 /* Info.plist */ = {isa = PBXFileReference; lastKnownFileType = text.plist.xml; path = Info.plist; sourceTree = "<group>"; };
		FA290F0719F5F586000C7420 /* main.m */ = {isa = PBXFileReference; lastKnownFileType = sourcecode.c.objc; path = main.m; sourceTree = "<group>"; };
		FA290F0919F5F586000C7420 /* AppDelegate.h */ = {isa = PBXFileReference; lastKnownFileType = sourcecode.c.h; path = AppDelegate.h; sourceTree = "<group>"; };
		FA290F0A19F5F586000C7420 /* AppDelegate.m */ = {isa = PBXFileReference; lastKnownFileType = sourcecode.c.objc; path = AppDelegate.m; sourceTree = "<group>"; };
		FA290F0D19F5F586000C7420 /* WigglyWormhole.xcdatamodel */ = {isa = PBXFileReference; lastKnownFileType = wrapper.xcdatamodel; path = WigglyWormhole.xcdatamodel; sourceTree = "<group>"; };
		FA290F0F19F5F586000C7420 /* GameVC.h */ = {isa = PBXFileReference; lastKnownFileType = sourcecode.c.h; path = GameVC.h; sourceTree = "<group>"; };
		FA290F1019F5F586000C7420 /* GameVC.m */ = {isa = PBXFileReference; lastKnownFileType = sourcecode.c.objc; path = GameVC.m; sourceTree = "<group>"; };
		FA290F1319F5F586000C7420 /* Base */ = {isa = PBXFileReference; lastKnownFileType = file.storyboard; name = Base; path = Base.lproj/Main.storyboard; sourceTree = "<group>"; };
		FA290F1519F5F586000C7420 /* Images.xcassets */ = {isa = PBXFileReference; lastKnownFileType = folder.assetcatalog; path = Images.xcassets; sourceTree = "<group>"; };
		FA290F1819F5F586000C7420 /* Base */ = {isa = PBXFileReference; lastKnownFileType = file.xib; name = Base; path = Base.lproj/LaunchScreen.xib; sourceTree = "<group>"; };
		FA290F1E19F5F586000C7420 /* WigglyWormholeTests.xctest */ = {isa = PBXFileReference; explicitFileType = wrapper.cfbundle; includeInIndex = 0; path = WigglyWormholeTests.xctest; sourceTree = BUILT_PRODUCTS_DIR; };
		FA290F2319F5F586000C7420 /* Info.plist */ = {isa = PBXFileReference; lastKnownFileType = text.plist.xml; path = Info.plist; sourceTree = "<group>"; };
		FA290F2419F5F586000C7420 /* WigglyWormholeTests.m */ = {isa = PBXFileReference; lastKnownFileType = sourcecode.c.objc; path = WigglyWormholeTests.m; sourceTree = "<group>"; };
		FA290F3119F5F607000C7420 /* Game.h */ = {isa = PBXFileReference; fileEncoding = 4; lastKnownFileType = sourcecode.c.h; path = Game.h; sourceTree = "<group>"; };
		FA290F3219F5F607000C7420 /* Game.m */ = {isa = PBXFileReference; fileEncoding = 4; lastKnownFileType = sourcecode.c.objc; path = Game.m; sourceTree = "<group>"; };
		FA64B6961A0CC1220011AC86 /* MenuVC.h */ = {isa = PBXFileReference; fileEncoding = 4; lastKnownFileType = sourcecode.c.h; path = MenuVC.h; sourceTree = "<group>"; };
		FA64B6971A0CC1220011AC86 /* MenuVC.m */ = {isa = PBXFileReference; fileEncoding = 4; lastKnownFileType = sourcecode.c.objc; path = MenuVC.m; sourceTree = "<group>"; };
		FA64B6991A0CC6830011AC86 /* AppDataModel.h */ = {isa = PBXFileReference; fileEncoding = 4; lastKnownFileType = sourcecode.c.h; path = AppDataModel.h; sourceTree = "<group>"; };
		FA64B69A1A0CC6830011AC86 /* AppDataModel.m */ = {isa = PBXFileReference; fileEncoding = 4; lastKnownFileType = sourcecode.c.objc; path = AppDataModel.m; sourceTree = "<group>"; };
		FA8C77A71A0DB49E00F50DBB /* ModalViewControllerDelegate.h */ = {isa = PBXFileReference; lastKnownFileType = sourcecode.c.h; path = ModalViewControllerDelegate.h; sourceTree = "<group>"; };
/* End PBXFileReference section */

/* Begin PBXFrameworksBuildPhase section */
		FA290EFF19F5F586000C7420 /* Frameworks */ = {
			isa = PBXFrameworksBuildPhase;
			buildActionMask = 2147483647;
			files = (
			);
			runOnlyForDeploymentPostprocessing = 0;
		};
		FA290F1B19F5F586000C7420 /* Frameworks */ = {
			isa = PBXFrameworksBuildPhase;
			buildActionMask = 2147483647;
			files = (
			);
			runOnlyForDeploymentPostprocessing = 0;
		};
/* End PBXFrameworksBuildPhase section */

/* Begin PBXGroup section */
		FA290EF919F5F586000C7420 = {
			isa = PBXGroup;
			children = (
				FA290F0419F5F586000C7420 /* WigglyWormhole */,
				FA290F2119F5F586000C7420 /* WigglyWormholeTests */,
				FA290F0319F5F586000C7420 /* Products */,
			);
			sourceTree = "<group>";
		};
		FA290F0319F5F586000C7420 /* Products */ = {
			isa = PBXGroup;
			children = (
				FA290F0219F5F586000C7420 /* WigglyWormhole.app */,
				FA290F1E19F5F586000C7420 /* WigglyWormholeTests.xctest */,
			);
			name = Products;
			sourceTree = "<group>";
		};
		FA290F0419F5F586000C7420 /* WigglyWormhole */ = {
			isa = PBXGroup;
			children = (
				FA8C77A71A0DB49E00F50DBB /* ModalViewControllerDelegate.h */,
				FA290F3219F5F607000C7420 /* Game.m */,
				FA290F3119F5F607000C7420 /* Game.h */,
				FA28EBD519F602A600026354 /* Macro.h */,
				FA2539F319F673A30016F4FD /* GameScene.h */,
				FA2539F419F673A30016F4FD /* GameScene.m */,
				FA290F0919F5F586000C7420 /* AppDelegate.h */,
				FA290F0A19F5F586000C7420 /* AppDelegate.m */,
				FA290F0F19F5F586000C7420 /* GameVC.h */,
				FA290F1019F5F586000C7420 /* GameVC.m */,
				FA64B6961A0CC1220011AC86 /* MenuVC.h */,
				FA64B6971A0CC1220011AC86 /* MenuVC.m */,
				FA290F1219F5F586000C7420 /* Main.storyboard */,
				FA1869751A0C605F00D4950F /* ScoreBoardVC.h */,
				FA1869761A0C605F00D4950F /* ScoreBoardVC.m */,
				FA64B6991A0CC6830011AC86 /* AppDataModel.h */,
				FA64B69A1A0CC6830011AC86 /* AppDataModel.m */,
				FA1869781A0C650E00D4950F /* SettingsVC.h */,
				FA1869791A0C650E00D4950F /* SettingsVC.m */,
				FA290F1519F5F586000C7420 /* Images.xcassets */,
				FA290F1719F5F586000C7420 /* LaunchScreen.xib */,
				FA290F0C19F5F586000C7420 /* WigglyWormhole.xcdatamodeld */,
				FA290F0519F5F586000C7420 /* Supporting Files */,
			);
			path = WigglyWormhole;
			sourceTree = "<group>";
		};
		FA290F0519F5F586000C7420 /* Supporting Files */ = {
			isa = PBXGroup;
			children = (
				FA28EBDE19F604E700026354 /* wormholecell.png */,
				FA28EBDC19F604E300026354 /* wormface.png */,
				FA28EBDA19F604DF00026354 /* snakecell.png */,
				FA28EBD819F604D600026354 /* shroomcell.png */,
				FA28EBD619F604D000026354 /* emptycell.png */,
				FA290F0619F5F586000C7420 /* Info.plist */,
				FA290F0719F5F586000C7420 /* main.m */,
			);
			name = "Supporting Files";
			sourceTree = "<group>";
		};
		FA290F2119F5F586000C7420 /* WigglyWormholeTests */ = {
			isa = PBXGroup;
			children = (
				FA290F2419F5F586000C7420 /* WigglyWormholeTests.m */,
				FA290F2219F5F586000C7420 /* Supporting Files */,
			);
			path = WigglyWormholeTests;
			sourceTree = "<group>";
		};
		FA290F2219F5F586000C7420 /* Supporting Files */ = {
			isa = PBXGroup;
			children = (
				FA290F2319F5F586000C7420 /* Info.plist */,
			);
			name = "Supporting Files";
			sourceTree = "<group>";
		};
/* End PBXGroup section */

/* Begin PBXNativeTarget section */
		FA290F0119F5F586000C7420 /* WigglyWormhole */ = {
			isa = PBXNativeTarget;
			buildConfigurationList = FA290F2819F5F586000C7420 /* Build configuration list for PBXNativeTarget "WigglyWormhole" */;
			buildPhases = (
				FA290EFE19F5F586000C7420 /* Sources */,
				FA290EFF19F5F586000C7420 /* Frameworks */,
				FA290F0019F5F586000C7420 /* Resources */,
			);
			buildRules = (
			);
			dependencies = (
			);
			name = WigglyWormhole;
			productName = WigglyWormhole;
			productReference = FA290F0219F5F586000C7420 /* WigglyWormhole.app */;
			productType = "com.apple.product-type.application";
		};
		FA290F1D19F5F586000C7420 /* WigglyWormholeTests */ = {
			isa = PBXNativeTarget;
			buildConfigurationList = FA290F2B19F5F586000C7420 /* Build configuration list for PBXNativeTarget "WigglyWormholeTests" */;
			buildPhases = (
				FA290F1A19F5F586000C7420 /* Sources */,
				FA290F1B19F5F586000C7420 /* Frameworks */,
				FA290F1C19F5F586000C7420 /* Resources */,
			);
			buildRules = (
			);
			dependencies = (
				FA290F2019F5F586000C7420 /* PBXTargetDependency */,
			);
			name = WigglyWormholeTests;
			productName = WigglyWormholeTests;
			productReference = FA290F1E19F5F586000C7420 /* WigglyWormholeTests.xctest */;
			productType = "com.apple.product-type.bundle.unit-test";
		};
/* End PBXNativeTarget section */

/* Begin PBXProject section */
		FA290EFA19F5F586000C7420 /* Project object */ = {
			isa = PBXProject;
			attributes = {
				LastUpgradeCheck = 0600;
				ORGANIZATIONNAME = Alex;
				TargetAttributes = {
					FA290F0119F5F586000C7420 = {
						CreatedOnToolsVersion = 6.0.1;
					};
					FA290F1D19F5F586000C7420 = {
						CreatedOnToolsVersion = 6.0.1;
						TestTargetID = FA290F0119F5F586000C7420;
					};
				};
			};
			buildConfigurationList = FA290EFD19F5F586000C7420 /* Build configuration list for PBXProject "WigglyWormhole" */;
			compatibilityVersion = "Xcode 3.2";
			developmentRegion = English;
			hasScannedForEncodings = 0;
			knownRegions = (
				en,
				Base,
			);
			mainGroup = FA290EF919F5F586000C7420;
			productRefGroup = FA290F0319F5F586000C7420 /* Products */;
			projectDirPath = "";
			projectRoot = "";
			targets = (
				FA290F0119F5F586000C7420 /* WigglyWormhole */,
				FA290F1D19F5F586000C7420 /* WigglyWormholeTests */,
			);
		};
/* End PBXProject section */

/* Begin PBXResourcesBuildPhase section */
		FA290F0019F5F586000C7420 /* Resources */ = {
			isa = PBXResourcesBuildPhase;
			buildActionMask = 2147483647;
			files = (
				FA28EBDF19F604E700026354 /* wormholecell.png in Resources */,
				FA28EBDD19F604E300026354 /* wormface.png in Resources */,
				FA28EBDB19F604DF00026354 /* snakecell.png in Resources */,
				FA290F1419F5F586000C7420 /* Main.storyboard in Resources */,
				FA290F1919F5F586000C7420 /* LaunchScreen.xib in Resources */,
				FA28EBD919F604D600026354 /* shroomcell.png in Resources */,
				FA290F1619F5F586000C7420 /* Images.xcassets in Resources */,
				FA28EBD719F604D000026354 /* emptycell.png in Resources */,
			);
			runOnlyForDeploymentPostprocessing = 0;
		};
		FA290F1C19F5F586000C7420 /* Resources */ = {
			isa = PBXResourcesBuildPhase;
			buildActionMask = 2147483647;
			files = (
			);
			runOnlyForDeploymentPostprocessing = 0;
		};
/* End PBXResourcesBuildPhase section */

/* Begin PBXSourcesBuildPhase section */
		FA290EFE19F5F586000C7420 /* Sources */ = {
			isa = PBXSourcesBuildPhase;
			buildActionMask = 2147483647;
			files = (
				FA290F3319F5F607000C7420 /* Game.m in Sources */,
				FA18697A1A0C650E00D4950F /* SettingsVC.m in Sources */,
				FA2539F519F673A30016F4FD /* GameScene.m in Sources */,
				FA64B6981A0CC1220011AC86 /* MenuVC.m in Sources */,
				FA290F0B19F5F586000C7420 /* AppDelegate.m in Sources */,
				FA64B69B1A0CC6830011AC86 /* AppDataModel.m in Sources */,
				FA290F0E19F5F586000C7420 /* WigglyWormhole.xcdatamodeld in Sources */,
				FA290F1119F5F586000C7420 /* GameVC.m in Sources */,
				FA290F0819F5F586000C7420 /* main.m in Sources */,
				FA1869771A0C605F00D4950F /* ScoreBoardVC.m in Sources */,
			);
			runOnlyForDeploymentPostprocessing = 0;
		};
		FA290F1A19F5F586000C7420 /* Sources */ = {
			isa = PBXSourcesBuildPhase;
			buildActionMask = 2147483647;
			files = (
				FA290F2519F5F586000C7420 /* WigglyWormholeTests.m in Sources */,
			);
			runOnlyForDeploymentPostprocessing = 0;
		};
/* End PBXSourcesBuildPhase section */

/* Begin PBXTargetDependency section */
		FA290F2019F5F586000C7420 /* PBXTargetDependency */ = {
			isa = PBXTargetDependency;
			target = FA290F0119F5F586000C7420 /* WigglyWormhole */;
			targetProxy = FA290F1F19F5F586000C7420 /* PBXContainerItemProxy */;
		};
/* End PBXTargetDependency section */

/* Begin PBXVariantGroup section */
		FA290F1219F5F586000C7420 /* Main.storyboard */ = {
			isa = PBXVariantGroup;
			children = (
				FA290F1319F5F586000C7420 /* Base */,
			);
			name = Main.storyboard;
			sourceTree = "<group>";
		};
		FA290F1719F5F586000C7420 /* LaunchScreen.xib */ = {
			isa = PBXVariantGroup;
			children = (
				FA290F1819F5F586000C7420 /* Base */,
			);
			name = LaunchScreen.xib;
			sourceTree = "<group>";
		};
/* End PBXVariantGroup section */

/* Begin XCBuildConfiguration section */
		FA290F2619F5F586000C7420 /* Debug */ = {
			isa = XCBuildConfiguration;
			buildSettings = {
				ALWAYS_SEARCH_USER_PATHS = NO;
				CLANG_CXX_LANGUAGE_STANDARD = "gnu++0x";
				CLANG_CXX_LIBRARY = "libc++";
				CLANG_ENABLE_MODULES = YES;
				CLANG_ENABLE_OBJC_ARC = YES;
				CLANG_WARN_BOOL_CONVERSION = YES;
				CLANG_WARN_CONSTANT_CONVERSION = YES;
				CLANG_WARN_DIRECT_OBJC_ISA_USAGE = YES_ERROR;
				CLANG_WARN_EMPTY_BODY = YES;
				CLANG_WARN_ENUM_CONVERSION = YES;
				CLANG_WARN_INT_CONVERSION = YES;
				CLANG_WARN_OBJC_ROOT_CLASS = YES_ERROR;
				CLANG_WARN_UNREACHABLE_CODE = YES;
				CLANG_WARN__DUPLICATE_METHOD_MATCH = YES;
				"CODE_SIGN_IDENTITY[sdk=iphoneos*]" = "iPhone Developer";
				COPY_PHASE_STRIP = NO;
				ENABLE_STRICT_OBJC_MSGSEND = YES;
				GCC_C_LANGUAGE_STANDARD = gnu99;
				GCC_DYNAMIC_NO_PIC = NO;
				GCC_OPTIMIZATION_LEVEL = 0;
				GCC_PREPROCESSOR_DEFINITIONS = (
					"DEBUG=1",
					"$(inherited)",
				);
				GCC_SYMBOLS_PRIVATE_EXTERN = NO;
				GCC_WARN_64_TO_32_BIT_CONVERSION = YES;
				GCC_WARN_ABOUT_RETURN_TYPE = YES_ERROR;
				GCC_WARN_UNDECLARED_SELECTOR = YES;
				GCC_WARN_UNINITIALIZED_AUTOS = YES_AGGRESSIVE;
				GCC_WARN_UNUSED_FUNCTION = YES;
				GCC_WARN_UNUSED_VARIABLE = YES;
				IPHONEOS_DEPLOYMENT_TARGET = 8.0;
				MTL_ENABLE_DEBUG_INFO = YES;
				ONLY_ACTIVE_ARCH = YES;
				SDKROOT = iphoneos;
			};
			name = Debug;
		};
		FA290F2719F5F586000C7420 /* Release */ = {
			isa = XCBuildConfiguration;
			buildSettings = {
				ALWAYS_SEARCH_USER_PATHS = NO;
				CLANG_CXX_LANGUAGE_STANDARD = "gnu++0x";
				CLANG_CXX_LIBRARY = "libc++";
				CLANG_ENABLE_MODULES = YES;
				CLANG_ENABLE_OBJC_ARC = YES;
				CLANG_WARN_BOOL_CONVERSION = YES;
				CLANG_WARN_CONSTANT_CONVERSION = YES;
				CLANG_WARN_DIRECT_OBJC_ISA_USAGE = YES_ERROR;
				CLANG_WARN_EMPTY_BODY = YES;
				CLANG_WARN_ENUM_CONVERSION = YES;
				CLANG_WARN_INT_CONVERSION = YES;
				CLANG_WARN_OBJC_ROOT_CLASS = YES_ERROR;
				CLANG_WARN_UNREACHABLE_CODE = YES;
				CLANG_WARN__DUPLICATE_METHOD_MATCH = YES;
				"CODE_SIGN_IDENTITY[sdk=iphoneos*]" = "iPhone Developer";
				COPY_PHASE_STRIP = YES;
				ENABLE_NS_ASSERTIONS = NO;
				ENABLE_STRICT_OBJC_MSGSEND = YES;
				GCC_C_LANGUAGE_STANDARD = gnu99;
				GCC_WARN_64_TO_32_BIT_CONVERSION = YES;
				GCC_WARN_ABOUT_RETURN_TYPE = YES_ERROR;
				GCC_WARN_UNDECLARED_SELECTOR = YES;
				GCC_WARN_UNINITIALIZED_AUTOS = YES_AGGRESSIVE;
				GCC_WARN_UNUSED_FUNCTION = YES;
				GCC_WARN_UNUSED_VARIABLE = YES;
				IPHONEOS_DEPLOYMENT_TARGET = 8.0;
				MTL_ENABLE_DEBUG_INFO = NO;
				SDKROOT = iphoneos;
				VALIDATE_PRODUCT = YES;
			};
			name = Release;
		};
		FA290F2919F5F586000C7420 /* Debug */ = {
			isa = XCBuildConfiguration;
			buildSettings = {
				ASSETCATALOG_COMPILER_APPICON_NAME = AppIcon;
				INFOPLIST_FILE = WigglyWormhole/Info.plist;
				IPHONEOS_DEPLOYMENT_TARGET = 7.1;
				LD_RUNPATH_SEARCH_PATHS = "$(inherited) @executable_path/Frameworks";
				PRODUCT_NAME = "$(TARGET_NAME)";
			};
			name = Debug;
		};
		FA290F2A19F5F586000C7420 /* Release */ = {
			isa = XCBuildConfiguration;
			buildSettings = {
				ASSETCATALOG_COMPILER_APPICON_NAME = AppIcon;
				INFOPLIST_FILE = WigglyWormhole/Info.plist;
				IPHONEOS_DEPLOYMENT_TARGET = 7.1;
				LD_RUNPATH_SEARCH_PATHS = "$(inherited) @executable_path/Frameworks";
				PRODUCT_NAME = "$(TARGET_NAME)";
			};
			name = Release;
		};
		FA290F2C19F5F586000C7420 /* Debug */ = {
			isa = XCBuildConfiguration;
			buildSettings = {
				BUNDLE_LOADER = "$(TEST_HOST)";
				FRAMEWORK_SEARCH_PATHS = (
					"$(SDKROOT)/Developer/Library/Frameworks",
					"$(inherited)",
				);
				GCC_PREPROCESSOR_DEFINITIONS = (
					"DEBUG=1",
					"$(inherited)",
				);
				INFOPLIST_FILE = WigglyWormholeTests/Info.plist;
				LD_RUNPATH_SEARCH_PATHS = "$(inherited) @executable_path/Frameworks @loader_path/Frameworks";
				PRODUCT_NAME = "$(TARGET_NAME)";
				TEST_HOST = "$(BUILT_PRODUCTS_DIR)/WigglyWormhole.app/WigglyWormhole";
			};
			name = Debug;
		};
		FA290F2D19F5F586000C7420 /* Release */ = {
			isa = XCBuildConfiguration;
			buildSettings = {
				BUNDLE_LOADER = "$(TEST_HOST)";
				FRAMEWORK_SEARCH_PATHS = (
					"$(SDKROOT)/Developer/Library/Frameworks",
					"$(inherited)",
				);
				INFOPLIST_FILE = WigglyWormholeTests/Info.plist;
				LD_RUNPATH_SEARCH_PATHS = "$(inherited) @executable_path/Frameworks @loader_path/Frameworks";
				PRODUCT_NAME = "$(TARGET_NAME)";
				TEST_HOST = "$(BUILT_PRODUCTS_DIR)/WigglyWormhole.app/WigglyWormhole";
			};
			name = Release;
		};
/* End XCBuildConfiguration section */

/* Begin XCConfigurationList section */
		FA290EFD19F5F586000C7420 /* Build configuration list for PBXProject "WigglyWormhole" */ = {
			isa = XCConfigurationList;
			buildConfigurations = (
				FA290F2619F5F586000C7420 /* Debug */,
				FA290F2719F5F586000C7420 /* Release */,
			);
			defaultConfigurationIsVisible = 0;
			defaultConfigurationName = Release;
		};
		FA290F2819F5F586000C7420 /* Build configuration list for PBXNativeTarget "WigglyWormhole" */ = {
			isa = XCConfigurationList;
			buildConfigurations = (
				FA290F2919F5F586000C7420 /* Debug */,
				FA290F2A19F5F586000C7420 /* Release */,
			);
			defaultConfigurationIsVisible = 0;
			defaultConfigurationName = Release;
		};
		FA290F2B19F5F586000C7420 /* Build configuration list for PBXNativeTarget "WigglyWormholeTests" */ = {
			isa = XCConfigurationList;
			buildConfigurations = (
				FA290F2C19F5F586000C7420 /* Debug */,
				FA290F2D19F5F586000C7420 /* Release */,
			);
			defaultConfigurationIsVisible = 0;
			defaultConfigurationName = Release;
		};
/* End XCConfigurationList section */

/* Begin XCVersionGroup section */
		FA290F0C19F5F586000C7420 /* WigglyWormhole.xcdatamodeld */ = {
			isa = XCVersionGroup;
			children = (
				FA290F0D19F5F586000C7420 /* WigglyWormhole.xcdatamodel */,
			);
			currentVersion = FA290F0D19F5F586000C7420 /* WigglyWormhole.xcdatamodel */;
			path = WigglyWormhole.xcdatamodeld;
			sourceTree = "<group>";
			versionGroupType = wrapper.xcdatamodel;
		};
/* End XCVersionGroup section */
	};
	rootObject = FA290EFA19F5F586000C7420 /* Project object */;
}
